{
    "aws/aws-sdk-php": {
        "version": "3.183.13"
    },
    "bnnvara/simple-bus-aws-bridge": {
        "version": "0.4"
    },
    "bnnvara/simple-bus-aws-bridge-bundle": {
        "version": "1.2"
    },
    "guzzlehttp/guzzle": {
        "version": "7.3.0"
    },
    "guzzlehttp/promises": {
        "version": "1.4.1"
    },
    "guzzlehttp/psr7": {
        "version": "1.8.2"
    },
    "jms/metadata": {
        "version": "2.5.0"
    },
    "jms/serializer": {
        "version": "3.12.3"
    },
    "jms/serializer-bundle": {
        "version": "3.0",
        "recipe": {
            "repo": "github.com/symfony/recipes-contrib",
            "branch": "master",
            "version": "3.0",
            "ref": "384cec52df45f3bfd46a09930d6960a58872b268"
        },
        "files": [
            "config/packages/dev/jms_serializer.yaml",
            "config/packages/jms_serializer.yaml",
            "config/packages/prod/jms_serializer.yaml"
        ]
    },
    "mtdowling/jmespath.php": {
        "version": "2.6.0"
    },
    "phpstan/phpdoc-parser": {
        "version": "0.5.4"
    },
    "psr/http-client": {
        "version": "1.0.1"
    },
    "psr/http-message": {
        "version": "1.0.1"
    },
    "ralouphie/getallheaders": {
        "version": "3.0.3"
    },
    "simple-bus/asynchronous": {
        "version": "v6.1.0"
    },
    "simple-bus/asynchronous-bundle": {
        "version": "v6.1.0"
    },
    "simple-bus/jms-serializer-bridge": {
        "version": "v6.1.0"
    },
    "simple-bus/jms-serializer-bundle-bridge": {
        "version": "v6.1.0"
    },
    "simple-bus/message-bus": {
        "version": "v6.1.0"
    },
    "simple-bus/serialization": {
        "version": "v6.1.0"
    },
    "simple-bus/symfony-bridge": {
        "version": "v6.1.0"
    },
    "symfony/polyfill-php81": {
        "version": "v1.23.0"
    }
}
